
Microsoft Visual Studio Solution File, Format Version 12.00
# Visual Studio 15
VisualStudioVersion = 15.0.26430.16
MinimumVisualStudioVersion = 10.0.40219.1
Project("{2150E333-8FDC-42A3-9474-1A3956D46DE8}") = "Messaging", "Messaging", "{75CF4DEF-3C33-47A0-BB5B-ED97CCD0E077}"
	ProjectSection(SolutionItems) = preProject
		Messaging\About.md = Messaging\About.md
	EndProjectSection
EndProject
Project("{2150E333-8FDC-42A3-9474-1A3956D46DE8}") = "Parsing", "Parsing", "{D04EDBE3-F54D-407D-9F97-6F8CFBD25256}"
	ProjectSection(SolutionItems) = preProject
		Messaging\Parsing\DeviceMessageIdParsing.md = Messaging\Parsing\DeviceMessageIdParsing.md
		Messaging\Parsing\FramingBytes.md = Messaging\Parsing\FramingBytes.md
		Messaging\Parsing\Index.md = Messaging\Parsing\Index.md
		Messaging\Parsing\ParsingBinaryMessages.md = Messaging\Parsing\ParsingBinaryMessages.md
		Messaging\Parsing\ParsingDelimitedMessage.md = Messaging\Parsing\ParsingDelimitedMessage.md
		Messaging\Parsing\ParsingFromBody.md = Messaging\Parsing\ParsingFromBody.md
		Messaging\Parsing\ParsingFromHeader.md = Messaging\Parsing\ParsingFromHeader.md
		Messaging\Parsing\ParsingFromPath.md = Messaging\Parsing\ParsingFromPath.md
		Messaging\Parsing\ParsingFromQueryString.md = Messaging\Parsing\ParsingFromQueryString.md
		Messaging\Parsing\ParsingJsonMessage.md = Messaging\Parsing\ParsingJsonMessage.md
		Messaging\Parsing\ParsingStringMessage.md = Messaging\Parsing\ParsingStringMessage.md
	EndProjectSection
EndProject
Project("{2150E333-8FDC-42A3-9474-1A3956D46DE8}") = "Solutions", "Solutions", "{AA4E331B-EE82-475D-9EF7-559C3207A1D6}"
	ProjectSection(SolutionItems) = preProject
		Index.md = Index.md
	EndProjectSection
EndProject
Project("{2150E333-8FDC-42A3-9474-1A3956D46DE8}") = "Instances", "Instances", "{F66103ED-F8CC-4368-8951-39E08B670C56}"
EndProject
Project("{2150E333-8FDC-42A3-9474-1A3956D46DE8}") = "TopLevel", "TopLevel", "{1CF2DC1C-D7F6-46EA-90ED-B90247B8007E}"
	ProjectSection(SolutionItems) = preProject
		faq.md = faq.md
		GettingStarted.md = GettingStarted.md
		Index.md = Index.md
		overview.md = overview.md
		terminology.md = terminology.md
		why.md = why.md
	EndProjectSection
EndProject
Project("{2150E333-8FDC-42A3-9474-1A3956D46DE8}") = "Devices", "Devices", "{9126E0BE-38D8-470F-A0F3-74A4324CB116}"
	ProjectSection(SolutionItems) = preProject
		DeviceMessages.md = DeviceMessages.md
		DeviceTypes.md = DeviceTypes.md
	EndProjectSection
EndProject
Project("{2150E333-8FDC-42A3-9474-1A3956D46DE8}") = "workflow", "workflow", "{38765E25-6F53-4D43-A420-A10EDF456AAF}"
	ProjectSection(SolutionItems) = preProject
		Attributes.md = Attributes.md
		Input.md = Input.md
		InputCommands.md = InputCommands.md
		OutputCommands.md = OutputCommands.md
		StateMachines.md = StateMachines.md
		Workflow.md = Workflow.md
	EndProjectSection
EndProject
Project("{2150E333-8FDC-42A3-9474-1A3956D46DE8}") = "topics", "topics", "{D061F3A8-91A6-45CC-BAF8-3D7CEDB6C998}"
	ProjectSection(SolutionItems) = preProject
		Keys.md = Keys.md
	EndProjectSection
EndProject
Project("{FAE04EC0-301F-11D3-BF4B-00C04F79EFBC}") = "DocGen", "DocGen\DocGen.csproj", "{12959BDF-97E5-462C-B761-811EF2DD4A42}"
EndProject
Project("{FAE04EC0-301F-11D3-BF4B-00C04F79EFBC}") = "NuvIot.WebDocs", "NuvIot.WebDocs\NuvIot.WebDocs.csproj", "{346397B7-62CE-4DD8-92E0-169B8956C3A4}"
EndProject
Global
	GlobalSection(SolutionConfigurationPlatforms) = preSolution
		Debug|Any CPU = Debug|Any CPU
		Release|Any CPU = Release|Any CPU
	EndGlobalSection
	GlobalSection(ProjectConfigurationPlatforms) = postSolution
		{12959BDF-97E5-462C-B761-811EF2DD4A42}.Debug|Any CPU.ActiveCfg = Debug|Any CPU
		{12959BDF-97E5-462C-B761-811EF2DD4A42}.Debug|Any CPU.Build.0 = Debug|Any CPU
		{12959BDF-97E5-462C-B761-811EF2DD4A42}.Release|Any CPU.ActiveCfg = Release|Any CPU
		{12959BDF-97E5-462C-B761-811EF2DD4A42}.Release|Any CPU.Build.0 = Release|Any CPU
		{346397B7-62CE-4DD8-92E0-169B8956C3A4}.Debug|Any CPU.ActiveCfg = Debug|Any CPU
		{346397B7-62CE-4DD8-92E0-169B8956C3A4}.Debug|Any CPU.Build.0 = Debug|Any CPU
		{346397B7-62CE-4DD8-92E0-169B8956C3A4}.Release|Any CPU.ActiveCfg = Release|Any CPU
		{346397B7-62CE-4DD8-92E0-169B8956C3A4}.Release|Any CPU.Build.0 = Release|Any CPU
	EndGlobalSection
	GlobalSection(SolutionProperties) = preSolution
		HideSolutionNode = FALSE
	EndGlobalSection
	GlobalSection(NestedProjects) = preSolution
		{D04EDBE3-F54D-407D-9F97-6F8CFBD25256} = {75CF4DEF-3C33-47A0-BB5B-ED97CCD0E077}
	EndGlobalSection
EndGlobal
